// !$*UTF8*$!
{
	archiveVersion = 1;
	classes = {
	};
	objectVersion = 46;
	objects = {

/* Begin PBXBuildFile section */
		3C030A531CEF161E00C36924 /* AppDelegate.swift in Sources */ = {isa = PBXBuildFile; fileRef = 3C030A521CEF161E00C36924 /* AppDelegate.swift */; };
		3C030A551CEF161E00C36924 /* ViewController.swift in Sources */ = {isa = PBXBuildFile; fileRef = 3C030A541CEF161E00C36924 /* ViewController.swift */; };
		3C030A581CEF161E00C36924 /* Main.storyboard in Resources */ = {isa = PBXBuildFile; fileRef = 3C030A561CEF161E00C36924 /* Main.storyboard */; };
		3C030A5A1CEF161E00C36924 /* Assets.xcassets in Resources */ = {isa = PBXBuildFile; fileRef = 3C030A591CEF161E00C36924 /* Assets.xcassets */; };
		3C030A5D1CEF161E00C36924 /* LaunchScreen.storyboard in Resources */ = {isa = PBXBuildFile; fileRef = 3C030A5B1CEF161E00C36924 /* LaunchScreen.storyboard */; };
/* End PBXBuildFile section */

/* Begin PBXFileReference section */
		3C030A4F1CEF161E00C36924 /* Recipie Spinner.app */ = {isa = PBXFileReference; explicitFileType = wrapper.application; includeInIndex = 0; path = "Recipie Spinner.app"; sourceTree = BUILT_PRODUCTS_DIR; };
		3C030A521CEF161E00C36924 /* AppDelegate.swift */ = {isa = PBXFileReference; lastKnownFileType = sourcecode.swift; path = AppDelegate.swift; sourceTree = "<group>"; };
		3C030A541CEF161E00C36924 /* ViewController.swift */ = {isa = PBXFileReference; lastKnownFileType = sourcecode.swift; path = ViewController.swift; sourceTree = "<group>"; };
		3C030A571CEF161E00C36924 /* Base */ = {isa = PBXFileReference; lastKnownFileType = file.storyboard; name = Base; path = Base.lproj/Main.storyboard; sourceTree = "<group>"; };
		3C030A591CEF161E00C36924 /* Assets.xcassets */ = {isa = PBXFileReference; lastKnownFileType = folder.assetcatalog; path = Assets.xcassets; sourceTree = "<group>"; };
		3C030A5C1CEF161E00C36924 /* Base */ = {isa = PBXFileReference; lastKnownFileType = file.storyboard; name = Base; path = Base.lproj/LaunchScreen.storyboard; sourceTree = "<group>"; };
		3C030A5E1CEF161E00C36924 /* Info.plist */ = {isa = PBXFileReference; lastKnownFileType = text.plist.xml; path = Info.plist; sourceTree = "<group>"; };
/* End PBXFileReference section */

/* Begin PBXFrameworksBuildPhase section */
		3C030A4C1CEF161E00C36924 /* Frameworks */ = {
			isa = PBXFrameworksBuildPhase;
			buildActionMask = 2147483647;
			files = (
			);
			runOnlyForDeploymentPostprocessing = 0;
		};
/* End PBXFrameworksBuildPhase section */

/* Begin PBXGroup section */
		3C030A461CEF161E00C36924 = {
			isa = PBXGroup;
			children = (
				3C030A511CEF161E00C36924 /* Recipie Spinner */,
				3C030A501CEF161E00C36924 /* Products */,
			);
			sourceTree = "<group>";
		};
		3C030A501CEF161E00C36924 /* Products */ = {
			isa = PBXGroup;
			children = (
				3C030A4F1CEF161E00C36924 /* Recipie Spinner.app */,
			);
			name = Products;
			sourceTree = "<group>";
		};
		3C030A511CEF161E00C36924 /* Recipie Spinner */ = {
			isa = PBXGroup;
			children = (
				3C030A521CEF161E00C36924 /* AppDelegate.swift */,
				3C030A541CEF161E00C36924 /* ViewController.swift */,
				3C030A561CEF161E00C36924 /* Main.storyboard */,
				3C030A591CEF161E00C36924 /* Assets.xcassets */,
				3C030A5B1CEF161E00C36924 /* LaunchScreen.storyboard */,
				3C030A5E1CEF161E00C36924 /* Info.plist */,
			);
			path = "Recipie Spinner";
			sourceTree = "<group>";
		};
/* End PBXGroup section */

/* Begin PBXNativeTarget section */
		3C030A4E1CEF161E00C36924 /* Recipie Spinner */ = {
			isa = PBXNativeTarget;
			buildConfigurationList = 3C030A611CEF161E00C36924 /* Build configuration list for PBXNativeTarget "Recipie Spinner" */;
			buildPhases = (
				3C030A4B1CEF161E00C36924 /* Sources */,
				3C030A4C1CEF161E00C36924 /* Frameworks */,
				3C030A4D1CEF161E00C36924 /* Resources */,
			);
			buildRules = (
			);
			dependencies = (
			);
			name = "Recipie Spinner";
			productName = "Recipie Spinner";
			productReference = 3C030A4F1CEF161E00C36924 /* Recipie Spinner.app */;
			productType = "com.apple.product-type.application";
		};
/* End PBXNativeTarget section */

/* Begin PBXProject section */
		3C030A471CEF161E00C36924 /* Project object */ = {
			isa = PBXProject;
			attributes = {
				LastSwiftUpdateCheck = 0730;
				LastUpgradeCheck = 0730;
				ORGANIZATIONNAME = "Lazy Games";
				TargetAttributes = {
					3C030A4E1CEF161E00C36924 = {
						CreatedOnToolsVersion = 7.3.1;
					};
				};
			};
			buildConfigurationList = 3C030A4A1CEF161E00C36924 /* Build configuration list for PBXProject "Recipie Spinner" */;
			compatibilityVersion = "Xcode 3.2";
			developmentRegion = English;
			hasScannedForEncodings = 0;
			knownRegions = (
				en,
				Base,
			);
			mainGroup = 3C030A461CEF161E00C36924;
			productRefGroup = 3C030A501CEF161E00C36924 /* Products */;
			projectDirPath = "";
			projectRoot = "";
			targets = (
				3C030A4E1CEF161E00C36924 /* Recipie Spinner */,
			);
		};
/* End PBXProject section */

/* Begin PBXResourcesBuildPhase section */
		3C030A4D1CEF161E00C36924 /* Resources */ = {
			isa = PBXResourcesBuildPhase;
			buildActionMask = 2147483647;
			files = (
				3C030A5D1CEF161E00C36924 /* LaunchScreen.storyboard in Resources */,
				3C030A5A1CEF161E00C36924 /* Assets.xcassets in Resources */,
				3C030A581CEF161E00C36924 /* Main.storyboard in Resources */,
			);
			runOnlyForDeploymentPostprocessing = 0;
		};
/* End PBXResourcesBuildPhase section */

/* Begin PBXSourcesBuildPhase section */
		3C030A4B1CEF161E00C36924 /* Sources */ = {
			isa = PBXSourcesBuildPhase;
			buildActionMask = 2147483647;
			files = (
				3C030A551CEF161E00C36924 /* ViewController.swift in Sources */,
				3C030A531CEF161E00C36924 /* AppDelegate.swift in Sources */,
			);
			runOnlyForDeploymentPostprocessing = 0;
		};
/* End PBXSourcesBuildPhase section */

/* Begin PBXVariantGroup section */
		3C030A561CEF161E00C36924 /* Main.storyboard */ = {
			isa = PBXVariantGroup;
			children = (
				3C030A571CEF161E00C36924 /* Base */,
			);
			name = Main.storyboard;
			sourceTree = "<group>";
		};
		3C030A5B1CEF161E00C36924 /* LaunchScreen.storyboard */ = {
			isa = PBXVariantGroup;
			children = (
				3C030A5C1CEF161E00C36924 /* Base */,
			);
			name = LaunchScreen.storyboard;
			sourceTree = "<group>";
		};
/* End PBXVariantGroup section */

/* Begin XCBuildConfiguration section */
		3C030A5F1CEF161E00C36924 /* Debug */ = {
			isa = XCBuildConfiguration;
			buildSettings = {
				ALWAYS_SEARCH_USER_PATHS = NO;
				CLANG_ANALYZER_NONNULL = YES;
				CLANG_CXX_LANGUAGE_STANDARD = "gnu++0x";
				CLANG_CXX_LIBRARY = "libc++";
				CLANG_ENABLE_MODULES = YES;
				CLANG_ENABLE_OBJC_ARC = YES;
				CLANG_WARN_BOOL_CONVERSION = YES;
				CLANG_WARN_CONSTANT_CONVERSION = YES;
				CLANG_WARN_DIRECT_OBJC_ISA_USAGE = YES_ERROR;
				CLANG_WARN_EMPTY_BODY = YES;
				CLANG_WARN_ENUM_CONVERSION = YES;
				CLANG_WARN_INT_CONVERSION = YES;
				CLANG_WARN_OBJC_ROOT_CLASS = YES_ERROR;
				CLANG_WARN_UNREACHABLE_CODE = YES;
				CLANG_WARN__DUPLICATE_METHOD_MATCH = YES;
				"CODE_SIGN_IDENTITY[sdk=iphoneos*]" = "iPhone Developer";
				COPY_PHASE_STRIP = NO;
				DEBUG_INFORMATION_FORMAT = dwarf;
				ENABLE_STRICT_OBJC_MSGSEND = YES;
				ENABLE_TESTABILITY = YES;
				GCC_C_LANGUAGE_STANDARD = gnu99;
				GCC_DYNAMIC_NO_PIC = NO;
				GCC_NO_COMMON_BLOCKS = YES;
				GCC_OPTIMIZATION_LEVEL = 0;
				GCC_PREPROCESSOR_DEFINITIONS = (
					"DEBUG=1",
					"$(inherited)",
				);
				GCC_WARN_64_TO_32_BIT_CONVERSION = YES;
				GCC_WARN_ABOUT_RETURN_TYPE = YES_ERROR;
				GCC_WARN_UNDECLARED_SELECTOR = YES;
				GCC_WARN_UNINITIALIZED_AUTOS = YES_AGGRESSIVE;
				GCC_WARN_UNUSED_FUNCTION = YES;
				GCC_WARN_UNUSED_VARIABLE = YES;
				IPHONEOS_DEPLOYMENT_TARGET = 9.3;
				MTL_ENABLE_DEBUG_INFO = YES;
				ONLY_ACTIVE_ARCH = YES;
				SDKROOT = iphoneos;
				SWIFT_OPTIMIZATION_LEVEL = "-Onone";
				TARGETED_DEVICE_FAMILY = "1,2";
			};
			name = Debug;
		};
		3C030A601CEF161E00C36924 /* Release */ = {
			isa = XCBuildConfiguration;
			buildSettings = {
				ALWAYS_SEARCH_USER_PATHS = NO;
				CLANG_ANALYZER_NONNULL = YES;
				CLANG_CXX_LANGUAGE_STANDARD = "gnu++0x";
				CLANG_CXX_LIBRARY = "libc++";
				CLANG_ENABLE_MODULES = YES;
				CLANG_ENABLE_OBJC_ARC = YES;
				CLANG_WARN_BOOL_CONVERSION = YES;
				CLANG_WARN_CONSTANT_CONVERSION = YES;
				CLANG_WARN_DIRECT_OBJC_ISA_USAGE = YES_ERROR;
				CLANG_WARN_EMPTY_BODY = YES;
				CLANG_WARN_ENUM_CONVERSION = YES;
				CLANG_WARN_INT_CONVERSION = YES;
				CLANG_WARN_OBJC_ROOT_CLASS = YES_ERROR;
				CLANG_WARN_UNREACHABLE_CODE = YES;
				CLANG_WARN__DUPLICATE_METHOD_MATCH = YES;
				"CODE_SIGN_IDENTITY[sdk=iphoneos*]" = "iPhone Developer";
				COPY_PHASE_STRIP = NO;
				DEBUG_INFORMATION_FORMAT = "dwarf-with-dsym";
				ENABLE_NS_ASSERTIONS = NO;
				ENABLE_STRICT_OBJC_MSGSEND = YES;
				GCC_C_LANGUAGE_STANDARD = gnu99;
				GCC_NO_COMMON_BLOCKS = YES;
				GCC_WARN_64_TO_32_BIT_CONVERSION = YES;
				GCC_WARN_ABOUT_RETURN_TYPE = YES_ERROR;
				GCC_WARN_UNDECLARED_SELECTOR = YES;
				GCC_WARN_UNINITIALIZED_AUTOS = YES_AGGRESSIVE;
				GCC_WARN_UNUSED_FUNCTION = YES;
				GCC_WARN_UNUSED_VARIABLE = YES;
				IPHONEOS_DEPLOYMENT_TARGET = 9.3;
				MTL_ENABLE_DEBUG_INFO = NO;
				SDKROOT = iphoneos;
				TARGETED_DEVICE_FAMILY = "1,2";
				VALIDATE_PRODUCT = YES;
			};
			name = Release;
		};
		3C030A621CEF161E00C36924 /* Debug */ = {
			isa = XCBuildConfiguration;
			buildSettings = {
				ASSETCATALOG_COMPILER_APPICON_NAME = AppIcon;
				INFOPLIST_FILE = "Recipie Spinner/Info.plist";
				LD_RUNPATH_SEARCH_PATHS = "$(inherited) @executable_path/Frameworks";
				PRODUCT_BUNDLE_IDENTIFIER = "com.lazy.Recipie-Spinner";
				PRODUCT_NAME = "$(TARGET_NAME)";
			};
			name = Debug;
		};
		3C030A631CEF161E00C36924 /* Release */ = {
			isa = XCBuildConfiguration;
			buildSettings = {
				ASSETCATALOG_COMPILER_APPICON_NAME = AppIcon;
				INFOPLIST_FILE = "Recipie Spinner/Info.plist";
				LD_RUNPATH_SEARCH_PATHS = "$(inherited) @executable_path/Frameworks";
				PRODUCT_BUNDLE_IDENTIFIER = "com.lazy.Recipie-Spinner";
				PRODUCT_NAME = "$(TARGET_NAME)";
			};
			name = Release;
		};
/* End XCBuildConfiguration section */

/* Begin XCConfigurationList section */
		3C030A4A1CEF161E00C36924 /* Build configuration list for PBXProject "Recipie Spinner" */ = {
			isa = XCConfigurationList;
			buildConfigurations = (
				3C030A5F1CEF161E00C36924 /* Debug */,
				3C030A601CEF161E00C36924 /* Release */,
			);
			defaultConfigurationIsVisible = 0;
			defaultConfigurationName = Release;
		};
		3C030A611CEF161E00C36924 /* Build configuration list for PBXNativeTarget "Recipie Spinner" */ = {
			isa = XCConfigurationList;
			buildConfigurations = (
				3C030A621CEF161E00C36924 /* Debug */,
				3C030A631CEF161E00C36924 /* Release */,
			);
			defaultConfigurationIsVisible = 0;
		};
/* End XCConfigurationList section */
	};
	rootObject = 3C030A471CEF161E00C36924 /* Project object */;
}
